
Microsoft Visual Studio Solution File, Format Version 12.00
# Visual Studio Version 17
VisualStudioVersion = 17.5.33502.453
MinimumVisualStudioVersion = 10.0.40219.1
Project("{9A19103F-16F7-4668-BE54-9A1E7A4F7556}") = "Sienna.Api", "Sienna.Api\Sienna.Api.csproj", "{B632B7B5-C24E-49EA-A22D-EB8331EDEBDB}"
EndProject
Project("{2150E333-8FDC-42A3-9474-1A3956D46DE8}") = "src", "src", "{E4F65489-1EBF-4905-8FED-B505D1EC8131}"
EndProject
Project("{9A19103F-16F7-4668-BE54-9A1E7A4F7556}") = "Sienna.Infrastructure", "Sienna.Infrastructure\Sienna.Infrastructure.csproj", "{B5CF8302-5163-4761-B5F3-369CEA2ECEF8}"
EndProject
Project("{2150E333-8FDC-42A3-9474-1A3956D46DE8}") = "test", "test", "{218BA565-65CA-4AF0-8F33-CBFDBE52DFCF}"
EndProject
Project("{9A19103F-16F7-4668-BE54-9A1E7A4F7556}") = "Sienna.UnitTests", "..\test\Sienna.UnitTests\Sienna.UnitTests.csproj", "{7D9B7287-EFD4-4CED-8D79-6095808A408F}"
EndProject
Project("{FAE04EC0-301F-11D3-BF4B-00C04F79EFBC}") = "Sienna.Domain", "Sienna.Domain\Sienna.Domain.csproj", "{510828AA-E661-43FA-8E38-C85B5C3247AA}"
EndProject
Project("{FAE04EC0-301F-11D3-BF4B-00C04F79EFBC}") = "Sienna.Application", "Sienna.Application\Sienna.Application.csproj", "{8210247E-54B1-4C17-A56D-7B34B9C06ADC}"
EndProject
Global
	GlobalSection(SolutionConfigurationPlatforms) = preSolution
		Debug|Any CPU = Debug|Any CPU
		Release|Any CPU = Release|Any CPU
	EndGlobalSection
	GlobalSection(ProjectConfigurationPlatforms) = postSolution
		{B632B7B5-C24E-49EA-A22D-EB8331EDEBDB}.Debug|Any CPU.ActiveCfg = Debug|Any CPU
		{B632B7B5-C24E-49EA-A22D-EB8331EDEBDB}.Debug|Any CPU.Build.0 = Debug|Any CPU
		{B632B7B5-C24E-49EA-A22D-EB8331EDEBDB}.Release|Any CPU.ActiveCfg = Release|Any CPU
		{B632B7B5-C24E-49EA-A22D-EB8331EDEBDB}.Release|Any CPU.Build.0 = Release|Any CPU
		{B5CF8302-5163-4761-B5F3-369CEA2ECEF8}.Debug|Any CPU.ActiveCfg = Debug|Any CPU
		{B5CF8302-5163-4761-B5F3-369CEA2ECEF8}.Debug|Any CPU.Build.0 = Debug|Any CPU
		{B5CF8302-5163-4761-B5F3-369CEA2ECEF8}.Release|Any CPU.ActiveCfg = Release|Any CPU
		{B5CF8302-5163-4761-B5F3-369CEA2ECEF8}.Release|Any CPU.Build.0 = Release|Any CPU
		{7D9B7287-EFD4-4CED-8D79-6095808A408F}.Debug|Any CPU.ActiveCfg = Debug|Any CPU
		{7D9B7287-EFD4-4CED-8D79-6095808A408F}.Debug|Any CPU.Build.0 = Debug|Any CPU
		{7D9B7287-EFD4-4CED-8D79-6095808A408F}.Release|Any CPU.ActiveCfg = Release|Any CPU
		{7D9B7287-EFD4-4CED-8D79-6095808A408F}.Release|Any CPU.Build.0 = Release|Any CPU
		{510828AA-E661-43FA-8E38-C85B5C3247AA}.Debug|Any CPU.ActiveCfg = Debug|Any CPU
		{510828AA-E661-43FA-8E38-C85B5C3247AA}.Debug|Any CPU.Build.0 = Debug|Any CPU
		{510828AA-E661-43FA-8E38-C85B5C3247AA}.Release|Any CPU.ActiveCfg = Release|Any CPU
		{510828AA-E661-43FA-8E38-C85B5C3247AA}.Release|Any CPU.Build.0 = Release|Any CPU
		{8210247E-54B1-4C17-A56D-7B34B9C06ADC}.Debug|Any CPU.ActiveCfg = Debug|Any CPU
		{8210247E-54B1-4C17-A56D-7B34B9C06ADC}.Debug|Any CPU.Build.0 = Debug|Any CPU
		{8210247E-54B1-4C17-A56D-7B34B9C06ADC}.Release|Any CPU.ActiveCfg = Release|Any CPU
		{8210247E-54B1-4C17-A56D-7B34B9C06ADC}.Release|Any CPU.Build.0 = Release|Any CPU
	EndGlobalSection
	GlobalSection(SolutionProperties) = preSolution
		HideSolutionNode = FALSE
	EndGlobalSection
	GlobalSection(NestedProjects) = preSolution
		{B632B7B5-C24E-49EA-A22D-EB8331EDEBDB} = {E4F65489-1EBF-4905-8FED-B505D1EC8131}
		{B5CF8302-5163-4761-B5F3-369CEA2ECEF8} = {E4F65489-1EBF-4905-8FED-B505D1EC8131}
		{7D9B7287-EFD4-4CED-8D79-6095808A408F} = {218BA565-65CA-4AF0-8F33-CBFDBE52DFCF}
		{510828AA-E661-43FA-8E38-C85B5C3247AA} = {E4F65489-1EBF-4905-8FED-B505D1EC8131}
		{8210247E-54B1-4C17-A56D-7B34B9C06ADC} = {E4F65489-1EBF-4905-8FED-B505D1EC8131}
	EndGlobalSection
	GlobalSection(ExtensibilityGlobals) = postSolution
		SolutionGuid = {FA673835-CA26-4E59-BD47-9D06B14FA76D}
	EndGlobalSection
EndGlobal
